
Microsoft Visual Studio Solution File, Format Version 12.00
# Visual Studio Version 17
VisualStudioVersion = 17.2.32630.192
MinimumVisualStudioVersion = 10.0.40219.1
Project("{FAE04EC0-301F-11D3-BF4B-00C04F79EFBC}") = "recipe_site_server", "recipe_site_server\recipe_site_server.csproj", "{F568BA08-A3FC-414D-A072-3A6679175E28}"
EndProject
Global
	GlobalSection(SolutionConfigurationPlatforms) = preSolution
		Debug|Any CPU = Debug|Any CPU
		Release|Any CPU = Release|Any CPU
	EndGlobalSection
	GlobalSection(ProjectConfigurationPlatforms) = postSolution
		{F568BA08-A3FC-414D-A072-3A6679175E28}.Debug|Any CPU.ActiveCfg = Debug|Any CPU
		{F568BA08-A3FC-414D-A072-3A6679175E28}.Debug|Any CPU.Build.0 = Debug|Any CPU
		{F568BA08-A3FC-414D-A072-3A6679175E28}.Release|Any CPU.ActiveCfg = Release|Any CPU
		{F568BA08-A3FC-414D-A072-3A6679175E28}.Release|Any CPU.Build.0 = Release|Any CPU
	EndGlobalSection
	GlobalSection(SolutionProperties) = preSolution
		HideSolutionNode = FALSE
	EndGlobalSection
	GlobalSection(ExtensibilityGlobals) = postSolution
		SolutionGuid = {720156D4-EBBA-47A3-A37E-43A4DBA38960}
	EndGlobalSection
EndGlobal
